
Microsoft Visual Studio Solution File, Format Version 12.00
# Visual Studio Version 17
VisualStudioVersion = 17.11.35327.3
MinimumVisualStudioVersion = 10.0.40219.1
Project("{FAE04EC0-301F-11D3-BF4B-00C04F79EFBC}") = "Catalog.API", "src\Catalog.API\Catalog.API.csproj", "{3CB8F3EA-4637-4D94-BCA2-662AE63875FB}"
EndProject
Project("{FAE04EC0-301F-11D3-BF4B-00C04F79EFBC}") = "Identity.API", "src\Identity.API\Identity.API.csproj", "{D5E94154-29B2-4BB8-957B-13A745F200A5}"
EndProject
Project("{FAE04EC0-301F-11D3-BF4B-00C04F79EFBC}") = "OutdoorRent.Shared", "src\BuildingBlocks\OutdoorRent.Shared\OutdoorRent.Shared.csproj", "{ED3B1710-C1A2-46F6-8D3B-B080B08C561B}"
EndProject
Global
	GlobalSection(SolutionConfigurationPlatforms) = preSolution
		Debug|Any CPU = Debug|Any CPU
		Release|Any CPU = Release|Any CPU
	EndGlobalSection
	GlobalSection(ProjectConfigurationPlatforms) = postSolution
		{3CB8F3EA-4637-4D94-BCA2-662AE63875FB}.Debug|Any CPU.ActiveCfg = Debug|Any CPU
		{3CB8F3EA-4637-4D94-BCA2-662AE63875FB}.Debug|Any CPU.Build.0 = Debug|Any CPU
		{3CB8F3EA-4637-4D94-BCA2-662AE63875FB}.Release|Any CPU.ActiveCfg = Release|Any CPU
		{3CB8F3EA-4637-4D94-BCA2-662AE63875FB}.Release|Any CPU.Build.0 = Release|Any CPU
		{D5E94154-29B2-4BB8-957B-13A745F200A5}.Debug|Any CPU.ActiveCfg = Debug|Any CPU
		{D5E94154-29B2-4BB8-957B-13A745F200A5}.Debug|Any CPU.Build.0 = Debug|Any CPU
		{D5E94154-29B2-4BB8-957B-13A745F200A5}.Release|Any CPU.ActiveCfg = Release|Any CPU
		{D5E94154-29B2-4BB8-957B-13A745F200A5}.Release|Any CPU.Build.0 = Release|Any CPU
		{ED3B1710-C1A2-46F6-8D3B-B080B08C561B}.Debug|Any CPU.ActiveCfg = Debug|Any CPU
		{ED3B1710-C1A2-46F6-8D3B-B080B08C561B}.Debug|Any CPU.Build.0 = Debug|Any CPU
		{ED3B1710-C1A2-46F6-8D3B-B080B08C561B}.Release|Any CPU.ActiveCfg = Release|Any CPU
		{ED3B1710-C1A2-46F6-8D3B-B080B08C561B}.Release|Any CPU.Build.0 = Release|Any CPU
	EndGlobalSection
	GlobalSection(SolutionProperties) = preSolution
		HideSolutionNode = FALSE
	EndGlobalSection
	GlobalSection(ExtensibilityGlobals) = postSolution
		SolutionGuid = {72355FD3-C8F4-400F-9986-E58847399EBE}
	EndGlobalSection
	GlobalSection(NestedProjects) = preSolution
	EndGlobalSection
EndGlobal
