
Microsoft Visual Studio Solution File, Format Version 12.00
# Visual Studio Version 17
VisualStudioVersion = 17.11.35327.3
MinimumVisualStudioVersion = 10.0.40219.1
Project("{FAE04EC0-301F-11D3-BF4B-00C04F79EFBC}") = "Catalog.API", "src\Catalog.API.csproj", "{66F27A0B-4342-4C9D-B0D7-5A12619F0486}"
EndProject
Global
	GlobalSection(SolutionConfigurationPlatforms) = preSolution
		Debug|Any CPU = Debug|Any CPU
		Release|Any CPU = Release|Any CPU
	EndGlobalSection
	GlobalSection(ProjectConfigurationPlatforms) = postSolution
		{66F27A0B-4342-4C9D-B0D7-5A12619F0486}.Debug|Any CPU.ActiveCfg = Debug|Any CPU
		{66F27A0B-4342-4C9D-B0D7-5A12619F0486}.Debug|Any CPU.Build.0 = Debug|Any CPU
		{66F27A0B-4342-4C9D-B0D7-5A12619F0486}.Release|Any CPU.ActiveCfg = Release|Any CPU
		{66F27A0B-4342-4C9D-B0D7-5A12619F0486}.Release|Any CPU.Build.0 = Release|Any CPU
	EndGlobalSection
	GlobalSection(SolutionProperties) = preSolution
		HideSolutionNode = FALSE
	EndGlobalSection
	GlobalSection(ExtensibilityGlobals) = postSolution
		SolutionGuid = {72355FD3-C8F4-400F-9986-E58847399EBE}
	EndGlobalSection
	GlobalSection(NestedProjects) = preSolution
	EndGlobalSection
EndGlobal
